PODS:
  - Alamofire (3.4.1)
  - Nimble (4.1.0)
  - Quick (0.9.3)
  - RxAlamofire (2.5):
    - RxAlamofire/Core (= 2.5)
  - RxAlamofire/Core (2.5):
    - Alamofire (~> 3.4)
    - RxSwift (~> 2.5)
  - RxSwift (2.6.0)
  - Simple-KeychainSwift (1.1.6)
  - Unbox (1.9)

DEPENDENCIES:
  - Alamofire (~> 3.4)
  - Nimble
  - Quick
  - RxAlamofire
  - RxSwift (~> 2.0)
  - Simple-KeychainSwift
  - Unbox

SPEC CHECKSUMS:
  Alamofire: 01a82e2f6c0f860ade35534c8dd88be61bdef40c
  Nimble: 97a0a4cae5124c117115634b2d055d8c97d0af19
  Quick: 13a2a2b19a5d8e3ed4fd0c36ee46597fd77ebf71
  RxAlamofire: b4572a077b6b2410c8732a27266299df4c00736e
  RxSwift: 77f3a0b15324baa7a1c9bfa9f199648a82424e26
  Simple-KeychainSwift: 44af418ebc152af23c24880dddad9c742a83bec3
  Unbox: a6f56a1682b5fd2ba6aea96d7b1ec17599db4f05

PODFILE CHECKSUM: 2ae5b2e070693d1c5f33f1af776dc4fbe9baa032

COCOAPODS: 1.0.1
